
Microsoft Visual Studio Solution File, Format Version 11.00
# Visual Studio 2010
Project("{FAE04EC0-301F-11D3-BF4B-00C04F79EFBC}") = "PppoeDialer", "PppoeDialer\PppoeDialer.csproj", "{1CE37956-B2FD-4EED-A62E-86C5980D95A3}"
EndProject
Project("{54435603-DBB4-11D2-8724-00A0C9A8B90C}") = "PppoeConnectionDialerSetup", "PppoeConnectionDialerSetup\PppoeConnectionDialerSetup.vdproj", "{E367AB67-1604-4680-8899-ADE425C9FA8B}"
EndProject
Global
	GlobalSection(SolutionConfigurationPlatforms) = preSolution
		Debug|x86 = Debug|x86
		Release|x86 = Release|x86
	EndGlobalSection
	GlobalSection(ProjectConfigurationPlatforms) = postSolution
		{1CE37956-B2FD-4EED-A62E-86C5980D95A3}.Debug|x86.ActiveCfg = Debug|x86
		{1CE37956-B2FD-4EED-A62E-86C5980D95A3}.Debug|x86.Build.0 = Debug|x86
		{1CE37956-B2FD-4EED-A62E-86C5980D95A3}.Release|x86.ActiveCfg = Release|x86
		{1CE37956-B2FD-4EED-A62E-86C5980D95A3}.Release|x86.Build.0 = Release|x86
		{E367AB67-1604-4680-8899-ADE425C9FA8B}.Debug|x86.ActiveCfg = Debug
		{E367AB67-1604-4680-8899-ADE425C9FA8B}.Release|x86.ActiveCfg = Release
	EndGlobalSection
	GlobalSection(SolutionProperties) = preSolution
		HideSolutionNode = FALSE
	EndGlobalSection
EndGlobal
